
Microsoft Visual Studio Solution File, Format Version 12.00
# Visual Studio Version 16
VisualStudioVersion = 16.0.31112.23
MinimumVisualStudioVersion = 10.0.40219.1
Project("{FAE04EC0-301F-11D3-BF4B-00C04F79EFBC}") = "UKPostcodeParser", "UKPostcodeParser\UKPostcodeParser.csproj", "{60F64760-97A6-4DD9-A027-5B564B5AB2E0}"
EndProject
Project("{FAE04EC0-301F-11D3-BF4B-00C04F79EFBC}") = "UKPostcodeParser.Test", "UKPostcodeParser.Test\UKPostcodeParser.Test.csproj", "{DD121B83-F6CA-4364-9822-1B51321A2B0C}"
EndProject
Global
	GlobalSection(SolutionConfigurationPlatforms) = preSolution
		Debug|Any CPU = Debug|Any CPU
		Release|Any CPU = Release|Any CPU
	EndGlobalSection
	GlobalSection(ProjectConfigurationPlatforms) = postSolution
		{60F64760-97A6-4DD9-A027-5B564B5AB2E0}.Debug|Any CPU.ActiveCfg = Debug|Any CPU
		{60F64760-97A6-4DD9-A027-5B564B5AB2E0}.Debug|Any CPU.Build.0 = Debug|Any CPU
		{60F64760-97A6-4DD9-A027-5B564B5AB2E0}.Release|Any CPU.ActiveCfg = Release|Any CPU
		{60F64760-97A6-4DD9-A027-5B564B5AB2E0}.Release|Any CPU.Build.0 = Release|Any CPU
		{DD121B83-F6CA-4364-9822-1B51321A2B0C}.Debug|Any CPU.ActiveCfg = Debug|Any CPU
		{DD121B83-F6CA-4364-9822-1B51321A2B0C}.Debug|Any CPU.Build.0 = Debug|Any CPU
		{DD121B83-F6CA-4364-9822-1B51321A2B0C}.Release|Any CPU.ActiveCfg = Release|Any CPU
		{DD121B83-F6CA-4364-9822-1B51321A2B0C}.Release|Any CPU.Build.0 = Release|Any CPU
	EndGlobalSection
	GlobalSection(SolutionProperties) = preSolution
		HideSolutionNode = FALSE
	EndGlobalSection
	GlobalSection(ExtensibilityGlobals) = postSolution
		SolutionGuid = {419CC54B-ACFA-43F3-B034-4140DDBD2159}
	EndGlobalSection
EndGlobal
